<?xml version="1.0" encoding="utf-8"?>
<Project ToolsVersion="4.0" xmlns="http://schemas.microsoft.com/developer/msbuild/2003">
  <ItemGroup>
    <ClCompile Include="main.cpp" />
    <ClCompile Include="..\common\net\client.cpp">
      <Filter>common</Filter>
    </ClCompile>
    <ClCompile Include="..\common\net\net.cpp">
      <Filter>common</Filter>
    </ClCompile>
  </ItemGroup>
  <ItemGroup>
    <Filter Include="common">
      <UniqueIdentifier>{2eeb4b57-19fe-40de-ab93-6cc448faa39f}</UniqueIdentifier>
    </Filter>
  </ItemGroup>
  <ItemGroup>
    <ClInclude Include="..\common\net\client.h">
      <Filter>common</Filter>
    </ClInclude>
    <ClInclude Include="..\common\net\net.h">
      <Filter>common</Filter>
    </ClInclude>
  </ItemGroup>
</Project>